// !$*UTF8*$!
{
	archiveVersion = 1;
	classes = {
	};
	objectVersion = 48;
	objects = {

/* Begin PBXBuildFile section */
		0F4493E8B324AA2175B98BAD /* Pods_Bitify.framework in Frameworks */ = {isa = PBXBuildFile; fileRef = 958CE84F2CCDC6F5E178940B /* Pods_Bitify.framework */; };
		C251C6AF203CDE30003465C7 /* BitcoinDateData.swift in Sources */ = {isa = PBXBuildFile; fileRef = C251C6AE203CDE30003465C7 /* BitcoinDateData.swift */; };
		C251C6B1203CDE52003465C7 /* Dates.swift in Sources */ = {isa = PBXBuildFile; fileRef = C251C6B0203CDE52003465C7 /* Dates.swift */; };
		C29FB9AC2036D069005AC780 /* AppDelegate.swift in Sources */ = {isa = PBXBuildFile; fileRef = C29FB9AB2036D069005AC780 /* AppDelegate.swift */; };
		C29FB9AE2036D069005AC780 /* ViewController.swift in Sources */ = {isa = PBXBuildFile; fileRef = C29FB9AD2036D069005AC780 /* ViewController.swift */; };
		C29FB9B12036D069005AC780 /* Main.storyboard in Resources */ = {isa = PBXBuildFile; fileRef = C29FB9AF2036D069005AC780 /* Main.storyboard */; };
		C29FB9B32036D069005AC780 /* Assets.xcassets in Resources */ = {isa = PBXBuildFile; fileRef = C29FB9B22036D069005AC780 /* Assets.xcassets */; };
		C29FB9B62036D069005AC780 /* LaunchScreen.storyboard in Resources */ = {isa = PBXBuildFile; fileRef = C29FB9B42036D069005AC780 /* LaunchScreen.storyboard */; };
		C29FB9BE2036D28C005AC780 /* Bitcoin Data Model.swift in Sources */ = {isa = PBXBuildFile; fileRef = C29FB9BD2036D28C005AC780 /* Bitcoin Data Model.swift */; };
		C2D4ECF02036D44E0066FF97 /* Extensions.swift in Sources */ = {isa = PBXBuildFile; fileRef = C2D4ECEF2036D44E0066FF97 /* Extensions.swift */; };
/* End PBXBuildFile section */

/* Begin PBXFileReference section */
		04A541170A23CDA06A8CBD6C /* Pods-Bitify.debug.xcconfig */ = {isa = PBXFileReference; includeInIndex = 1; lastKnownFileType = text.xcconfig; name = "Pods-Bitify.debug.xcconfig"; path = "Pods/Target Support Files/Pods-Bitify/Pods-Bitify.debug.xcconfig"; sourceTree = "<group>"; };
		958CE84F2CCDC6F5E178940B /* Pods_Bitify.framework */ = {isa = PBXFileReference; explicitFileType = wrapper.framework; includeInIndex = 0; path = Pods_Bitify.framework; sourceTree = BUILT_PRODUCTS_DIR; };
		AD078B7DA934820AFBA7CA01 /* Pods-Bitify.release.xcconfig */ = {isa = PBXFileReference; includeInIndex = 1; lastKnownFileType = text.xcconfig; name = "Pods-Bitify.release.xcconfig"; path = "Pods/Target Support Files/Pods-Bitify/Pods-Bitify.release.xcconfig"; sourceTree = "<group>"; };
		C251C6AE203CDE30003465C7 /* BitcoinDateData.swift */ = {isa = PBXFileReference; lastKnownFileType = sourcecode.swift; path = BitcoinDateData.swift; sourceTree = "<group>"; };
		C251C6B0203CDE52003465C7 /* Dates.swift */ = {isa = PBXFileReference; lastKnownFileType = sourcecode.swift; path = Dates.swift; sourceTree = "<group>"; };
		C29FB9A82036D069005AC780 /* Bitify.app */ = {isa = PBXFileReference; explicitFileType = wrapper.application; includeInIndex = 0; path = Bitify.app; sourceTree = BUILT_PRODUCTS_DIR; };
		C29FB9AB2036D069005AC780 /* AppDelegate.swift */ = {isa = PBXFileReference; lastKnownFileType = sourcecode.swift; path = AppDelegate.swift; sourceTree = "<group>"; };
		C29FB9AD2036D069005AC780 /* ViewController.swift */ = {isa = PBXFileReference; lastKnownFileType = sourcecode.swift; path = ViewController.swift; sourceTree = "<group>"; };
		C29FB9B02036D069005AC780 /* Base */ = {isa = PBXFileReference; lastKnownFileType = file.storyboard; name = Base; path = Base.lproj/Main.storyboard; sourceTree = "<group>"; };
		C29FB9B22036D069005AC780 /* Assets.xcassets */ = {isa = PBXFileReference; lastKnownFileType = folder.assetcatalog; path = Assets.xcassets; sourceTree = "<group>"; };
		C29FB9B52036D069005AC780 /* Base */ = {isa = PBXFileReference; lastKnownFileType = file.storyboard; name = Base; path = Base.lproj/LaunchScreen.storyboard; sourceTree = "<group>"; };
		C29FB9B72036D069005AC780 /* Info.plist */ = {isa = PBXFileReference; lastKnownFileType = text.plist.xml; path = Info.plist; sourceTree = "<group>"; };
		C29FB9BD2036D28C005AC780 /* Bitcoin Data Model.swift */ = {isa = PBXFileReference; lastKnownFileType = sourcecode.swift; path = "Bitcoin Data Model.swift"; sourceTree = "<group>"; };
		C2C17D15203D2E8A007F708E /* Raleway Thin.otf */ = {isa = PBXFileReference; lastKnownFileType = file; path = "Raleway Thin.otf"; sourceTree = "<group>"; };
		C2C17D19203D2EAC007F708E /* Raleway Thin.ttf */ = {isa = PBXFileReference; lastKnownFileType = file; path = "Raleway Thin.ttf"; sourceTree = "<group>"; };
		C2C17D1B203D2EC9007F708E /* Quark-Bold.otf */ = {isa = PBXFileReference; lastKnownFileType = file; path = "Quark-Bold.otf"; sourceTree = "<group>"; };
		C2C17D1C203D2ECD007F708E /* Quark-Light.otf */ = {isa = PBXFileReference; lastKnownFileType = file; path = "Quark-Light.otf"; sourceTree = "<group>"; };
		C2C17D1F203D2EEE007F708E /* Stellar-Bold.otf */ = {isa = PBXFileReference; lastKnownFileType = file; path = "Stellar-Bold.otf"; sourceTree = "<group>"; };
		C2C17D20203D2F13007F708E /* Quicksand_Dash.otf */ = {isa = PBXFileReference; lastKnownFileType = file; path = Quicksand_Dash.otf; sourceTree = "<group>"; };
		C2C17D21203D2F16007F708E /* Quicksand-Bold.otf */ = {isa = PBXFileReference; lastKnownFileType = file; path = "Quicksand-Bold.otf"; sourceTree = "<group>"; };
		C2C17D22203D2F19007F708E /* Quicksand-BoldItalic.otf */ = {isa = PBXFileReference; lastKnownFileType = file; path = "Quicksand-BoldItalic.otf"; sourceTree = "<group>"; };
		C2C17D23203D2F1C007F708E /* Quicksand-Italic.otf */ = {isa = PBXFileReference; lastKnownFileType = file; path = "Quicksand-Italic.otf"; sourceTree = "<group>"; };
		C2C17D25203D2F22007F708E /* Stellar-light.otf */ = {isa = PBXFileReference; lastKnownFileType = file; path = "Stellar-light.otf"; sourceTree = "<group>"; };
		C2C17D26203D2F2F007F708E /* Stellar-Medium.otf */ = {isa = PBXFileReference; lastKnownFileType = file; path = "Stellar-Medium.otf"; sourceTree = "<group>"; };
		C2C17D27203D2F34007F708E /* Stellar-Regular.otf */ = {isa = PBXFileReference; lastKnownFileType = file; path = "Stellar-Regular.otf"; sourceTree = "<group>"; };
		C2C17D28203D2F48007F708E /* Quicksand-Light.otf */ = {isa = PBXFileReference; lastKnownFileType = file; path = "Quicksand-Light.otf"; sourceTree = "<group>"; };
		C2C17D29203D2F4A007F708E /* Quicksand-LightItalic.otf */ = {isa = PBXFileReference; lastKnownFileType = file; path = "Quicksand-LightItalic.otf"; sourceTree = "<group>"; };
		C2C17D2A203D2F4D007F708E /* Quicksand-Regular.otf */ = {isa = PBXFileReference; lastKnownFileType = file; path = "Quicksand-Regular.otf"; sourceTree = "<group>"; };
		C2C17D2C203D2F5B007F708E /* Fabrica.otf */ = {isa = PBXFileReference; lastKnownFileType = file; path = Fabrica.otf; sourceTree = "<group>"; };
		C2C17D2E203D2FBC007F708E /* Tahoma.ttf */ = {isa = PBXFileReference; lastKnownFileType = file; name = Tahoma.ttf; path = ../../../../../../../../../../../../Library/Fonts/Tahoma.ttf; sourceTree = "<group>"; };
		C2C17D2F203D2FBC007F708E /* Tahoma Bold.ttf */ = {isa = PBXFileReference; lastKnownFileType = file; name = "Tahoma Bold.ttf"; path = "../../../../../../../../../../../../Library/Fonts/Tahoma Bold.ttf"; sourceTree = "<group>"; };
		C2C17D31203D31AF007F708E /* VarelaRound-Regular.ttf */ = {isa = PBXFileReference; lastKnownFileType = file; name = "VarelaRound-Regular.ttf"; path = "../../../../../../../../../Library/Fonts/VarelaRound-Regular.ttf"; sourceTree = "<group>"; };
		C2C17D33203D31E1007F708E /* Typo Grotesk Thin Demo.otf */ = {isa = PBXFileReference; lastKnownFileType = file; name = "Typo Grotesk Thin Demo.otf"; path = "../../../../../../../../../../Library/Fonts/Typo Grotesk Thin Demo.otf"; sourceTree = "<group>"; };
		C2C17D34203D31E1007F708E /* Typo Grotesk Bold Italic Demo.otf */ = {isa = PBXFileReference; lastKnownFileType = file; name = "Typo Grotesk Bold Italic Demo.otf"; path = "../../../../../../../../../../Library/Fonts/Typo Grotesk Bold Italic Demo.otf"; sourceTree = "<group>"; };
		C2C17D35203D31E2007F708E /* Typo Grotesk Bold Demo.otf */ = {isa = PBXFileReference; lastKnownFileType = file; name = "Typo Grotesk Bold Demo.otf"; path = "../../../../../../../../../../Library/Fonts/Typo Grotesk Bold Demo.otf"; sourceTree = "<group>"; };
		C2C17D36203D31E2007F708E /* Typo Grotesk Black Italic Demo.otf */ = {isa = PBXFileReference; lastKnownFileType = file; name = "Typo Grotesk Black Italic Demo.otf"; path = "../../../../../../../../../../Library/Fonts/Typo Grotesk Black Italic Demo.otf"; sourceTree = "<group>"; };
		C2C17D37203D31E3007F708E /* Typo Grotesk Demo.otf */ = {isa = PBXFileReference; lastKnownFileType = file; name = "Typo Grotesk Demo.otf"; path = "../../../../../../../../../../Library/Fonts/Typo Grotesk Demo.otf"; sourceTree = "<group>"; };
		C2C17D38203D31E3007F708E /* Typo Grotesk Black Demo.otf */ = {isa = PBXFileReference; lastKnownFileType = file; name = "Typo Grotesk Black Demo.otf"; path = "../../../../../../../../../../Library/Fonts/Typo Grotesk Black Demo.otf"; sourceTree = "<group>"; };
		C2C17D39203D31E4007F708E /* Typo Grotesk Thin Italic Demo.otf */ = {isa = PBXFileReference; lastKnownFileType = file; name = "Typo Grotesk Thin Italic Demo.otf"; path = "../../../../../../../../../../Library/Fonts/Typo Grotesk Thin Italic Demo.otf"; sourceTree = "<group>"; };
		C2C17D3A203D31E4007F708E /* Typo Grotesk Italic Demo.otf */ = {isa = PBXFileReference; lastKnownFileType = file; name = "Typo Grotesk Italic Demo.otf"; path = "../../../../../../../../../../Library/Fonts/Typo Grotesk Italic Demo.otf"; sourceTree = "<group>"; };
		C2C17D3C203D3246007F708E /* Zaio.otf */ = {isa = PBXFileReference; lastKnownFileType = file; name = Zaio.otf; path = ../../../../../../../../../../Library/Fonts/Zaio.otf; sourceTree = "<group>"; };
		C2C17D3F203D58FA007F708E /* Moon Light.otf */ = {isa = PBXFileReference; lastKnownFileType = file; path = "Moon Light.otf"; sourceTree = "<group>"; };
		C2C17D40203D58FD007F708E /* Moon Bold.otf */ = {isa = PBXFileReference; lastKnownFileType = file; path = "Moon Bold.otf"; sourceTree = "<group>"; };
		C2D4ECEF2036D44E0066FF97 /* Extensions.swift */ = {isa = PBXFileReference; lastKnownFileType = sourcecode.swift; path = Extensions.swift; sourceTree = "<group>"; };
/* End PBXFileReference section */

/* Begin PBXFrameworksBuildPhase section */
		C29FB9A52036D069005AC780 /* Frameworks */ = {
			isa = PBXFrameworksBuildPhase;
			buildActionMask = 2147483647;
			files = (
				0F4493E8B324AA2175B98BAD /* Pods_Bitify.framework in Frameworks */,
			);
			runOnlyForDeploymentPostprocessing = 0;
		};
/* End PBXFrameworksBuildPhase section */

/* Begin PBXGroup section */
		0CDB7D426CF6D1E0AE717D15 /* Frameworks */ = {
			isa = PBXGroup;
			children = (
				958CE84F2CCDC6F5E178940B /* Pods_Bitify.framework */,
			);
			name = Frameworks;
			sourceTree = "<group>";
		};
		5D869D345D6E1210E0EF9D39 /* Pods */ = {
			isa = PBXGroup;
			children = (
				04A541170A23CDA06A8CBD6C /* Pods-Bitify.debug.xcconfig */,
				AD078B7DA934820AFBA7CA01 /* Pods-Bitify.release.xcconfig */,
			);
			name = Pods;
			sourceTree = "<group>";
		};
		C2706E55203BCE8000D67C02 /* Supporting Files */ = {
			isa = PBXGroup;
			children = (
				C2C17D01203D2ABC007F708E /* Fonts */,
				C29FB9B22036D069005AC780 /* Assets.xcassets */,
				C29FB9B72036D069005AC780 /* Info.plist */,
			);
			path = "Supporting Files";
			sourceTree = "<group>";
		};
		C2706E56203BCE8200D67C02 /* Controller */ = {
			isa = PBXGroup;
			children = (
				C29FB9AD2036D069005AC780 /* ViewController.swift */,
				C2706E59203BCEC900D67C02 /* Additional Files */,
			);
			path = Controller;
			sourceTree = "<group>";
		};
		C2706E57203BCE8E00D67C02 /* View */ = {
			isa = PBXGroup;
			children = (
				C29FB9AF2036D069005AC780 /* Main.storyboard */,
				C29FB9B42036D069005AC780 /* LaunchScreen.storyboard */,
			);
			path = View;
			sourceTree = "<group>";
		};
		C2706E58203BCE9100D67C02 /* Model */ = {
			isa = PBXGroup;
			children = (
				C29FB9BD2036D28C005AC780 /* Bitcoin Data Model.swift */,
				C251C6AE203CDE30003465C7 /* BitcoinDateData.swift */,
				C251C6B0203CDE52003465C7 /* Dates.swift */,
			);
			path = Model;
			sourceTree = "<group>";
		};
		C2706E59203BCEC900D67C02 /* Additional Files */ = {
			isa = PBXGroup;
			children = (
				C2D4ECEF2036D44E0066FF97 /* Extensions.swift */,
			);
			path = "Additional Files";
			sourceTree = "<group>";
		};
		C29FB99F2036D069005AC780 = {
			isa = PBXGroup;
			children = (
				C29FB9AA2036D069005AC780 /* Cryptify */,
				C29FB9A92036D069005AC780 /* Products */,
				5D869D345D6E1210E0EF9D39 /* Pods */,
				0CDB7D426CF6D1E0AE717D15 /* Frameworks */,
			);
			sourceTree = "<group>";
		};
		C29FB9A92036D069005AC780 /* Products */ = {
			isa = PBXGroup;
			children = (
				C29FB9A82036D069005AC780 /* Bitify.app */,
			);
			name = Products;
			sourceTree = "<group>";
		};
		C29FB9AA2036D069005AC780 /* Cryptify */ = {
			isa = PBXGroup;
			children = (
				C29FB9AB2036D069005AC780 /* AppDelegate.swift */,
				C2706E56203BCE8200D67C02 /* Controller */,
				C2706E58203BCE9100D67C02 /* Model */,
				C2706E57203BCE8E00D67C02 /* View */,
				C2706E55203BCE8000D67C02 /* Supporting Files */,
			);
			path = Cryptify;
			sourceTree = "<group>";
		};
		C2C17D01203D2ABC007F708E /* Fonts */ = {
			isa = PBXGroup;
			children = (
				C2C17D2B203D2F55007F708E /* Fabrica */,
				C2C17D41203D590A007F708E /* Moon */,
				C2C17D1A203D2EC0007F708E /* Quark */,
				C2C17D1E203D2EE1007F708E /* Quicksand */,
				C2C17D14203D2E82007F708E /* Raleway */,
				C2C17D1D203D2ED8007F708E /* Stellar */,
				C2C17D2D203D2F8F007F708E /* Tahoma */,
				C2C17D32203D31C5007F708E /* Typo Grotesk */,
				C2C17D30203D3198007F708E /* Varela */,
				C2C17D3B203D3227007F708E /* Zaio */,
			);
			path = Fonts;
			sourceTree = "<group>";
		};
		C2C17D14203D2E82007F708E /* Raleway */ = {
			isa = PBXGroup;
			children = (
				C2C17D19203D2EAC007F708E /* Raleway Thin.ttf */,
				C2C17D15203D2E8A007F708E /* Raleway Thin.otf */,
			);
			path = Raleway;
			sourceTree = "<group>";
		};
		C2C17D1A203D2EC0007F708E /* Quark */ = {
			isa = PBXGroup;
			children = (
				C2C17D1B203D2EC9007F708E /* Quark-Bold.otf */,
				C2C17D1C203D2ECD007F708E /* Quark-Light.otf */,
			);
			path = Quark;
			sourceTree = "<group>";
		};
		C2C17D1D203D2ED8007F708E /* Stellar */ = {
			isa = PBXGroup;
			children = (
				C2C17D25203D2F22007F708E /* Stellar-light.otf */,
				C2C17D1F203D2EEE007F708E /* Stellar-Bold.otf */,
				C2C17D26203D2F2F007F708E /* Stellar-Medium.otf */,
				C2C17D27203D2F34007F708E /* Stellar-Regular.otf */,
			);
			path = Stellar;
			sourceTree = "<group>";
		};
		C2C17D1E203D2EE1007F708E /* Quicksand */ = {
			isa = PBXGroup;
			children = (
				C2C17D20203D2F13007F708E /* Quicksand_Dash.otf */,
				C2C17D21203D2F16007F708E /* Quicksand-Bold.otf */,
				C2C17D22203D2F19007F708E /* Quicksand-BoldItalic.otf */,
				C2C17D23203D2F1C007F708E /* Quicksand-Italic.otf */,
				C2C17D28203D2F48007F708E /* Quicksand-Light.otf */,
				C2C17D29203D2F4A007F708E /* Quicksand-LightItalic.otf */,
				C2C17D2A203D2F4D007F708E /* Quicksand-Regular.otf */,
			);
			path = Quicksand;
			sourceTree = "<group>";
		};
		C2C17D2B203D2F55007F708E /* Fabrica */ = {
			isa = PBXGroup;
			children = (
				C2C17D2C203D2F5B007F708E /* Fabrica.otf */,
			);
			path = Fabrica;
			sourceTree = "<group>";
		};
		C2C17D2D203D2F8F007F708E /* Tahoma */ = {
			isa = PBXGroup;
			children = (
				C2C17D2F203D2FBC007F708E /* Tahoma Bold.ttf */,
				C2C17D2E203D2FBC007F708E /* Tahoma.ttf */,
			);
			path = Tahoma;
			sourceTree = "<group>";
		};
		C2C17D30203D3198007F708E /* Varela */ = {
			isa = PBXGroup;
			children = (
				C2C17D31203D31AF007F708E /* VarelaRound-Regular.ttf */,
			);
			path = Varela;
			sourceTree = "<group>";
		};
		C2C17D32203D31C5007F708E /* Typo Grotesk */ = {
			isa = PBXGroup;
			children = (
				C2C17D38203D31E3007F708E /* Typo Grotesk Black Demo.otf */,
				C2C17D36203D31E2007F708E /* Typo Grotesk Black Italic Demo.otf */,
				C2C17D35203D31E2007F708E /* Typo Grotesk Bold Demo.otf */,
				C2C17D34203D31E1007F708E /* Typo Grotesk Bold Italic Demo.otf */,
				C2C17D37203D31E3007F708E /* Typo Grotesk Demo.otf */,
				C2C17D3A203D31E4007F708E /* Typo Grotesk Italic Demo.otf */,
				C2C17D33203D31E1007F708E /* Typo Grotesk Thin Demo.otf */,
				C2C17D39203D31E4007F708E /* Typo Grotesk Thin Italic Demo.otf */,
			);
			path = "Typo Grotesk";
			sourceTree = "<group>";
		};
		C2C17D3B203D3227007F708E /* Zaio */ = {
			isa = PBXGroup;
			children = (
				C2C17D3C203D3246007F708E /* Zaio.otf */,
			);
			path = Zaio;
			sourceTree = "<group>";
		};
		C2C17D41203D590A007F708E /* Moon */ = {
			isa = PBXGroup;
			children = (
				C2C17D40203D58FD007F708E /* Moon Bold.otf */,
				C2C17D3F203D58FA007F708E /* Moon Light.otf */,
			);
			path = Moon;
			sourceTree = "<group>";
		};
/* End PBXGroup section */

/* Begin PBXNativeTarget section */
		C29FB9A72036D069005AC780 /* Bitify */ = {
			isa = PBXNativeTarget;
			buildConfigurationList = C29FB9BA2036D069005AC780 /* Build configuration list for PBXNativeTarget "Bitify" */;
			buildPhases = (
				C2FE1A22B299532DE7518526 /* [CP] Check Pods Manifest.lock */,
				C29FB9A42036D069005AC780 /* Sources */,
				C29FB9A52036D069005AC780 /* Frameworks */,
				C29FB9A62036D069005AC780 /* Resources */,
				71DFE3F0B22231AF82259BEC /* [CP] Embed Pods Frameworks */,
				2BA6D9C16DA39818C03727C9 /* [CP] Copy Pods Resources */,
			);
			buildRules = (
			);
			dependencies = (
			);
			name = Bitify;
			productName = Bitcoinify;
			productReference = C29FB9A82036D069005AC780 /* Bitify.app */;
			productType = "com.apple.product-type.application";
		};
/* End PBXNativeTarget section */

/* Begin PBXProject section */
		C29FB9A02036D069005AC780 /* Project object */ = {
			isa = PBXProject;
			attributes = {
				LastSwiftUpdateCheck = 0920;
				LastUpgradeCheck = 0930;
				ORGANIZATIONNAME = "Noah Wilder";
				TargetAttributes = {
					C29FB9A72036D069005AC780 = {
						CreatedOnToolsVersion = 9.2;
						ProvisioningStyle = Automatic;
					};
				};
			};
			buildConfigurationList = C29FB9A32036D069005AC780 /* Build configuration list for PBXProject "Cryptify" */;
			compatibilityVersion = "Xcode 8.0";
			developmentRegion = en;
			hasScannedForEncodings = 0;
			knownRegions = (
				en,
				Base,
			);
			mainGroup = C29FB99F2036D069005AC780;
			productRefGroup = C29FB9A92036D069005AC780 /* Products */;
			projectDirPath = "";
			projectRoot = "";
			targets = (
				C29FB9A72036D069005AC780 /* Bitify */,
			);
		};
/* End PBXProject section */

/* Begin PBXResourcesBuildPhase section */
		C29FB9A62036D069005AC780 /* Resources */ = {
			isa = PBXResourcesBuildPhase;
			buildActionMask = 2147483647;
			files = (
				C29FB9B62036D069005AC780 /* LaunchScreen.storyboard in Resources */,
				C29FB9B32036D069005AC780 /* Assets.xcassets in Resources */,
				C29FB9B12036D069005AC780 /* Main.storyboard in Resources */,
			);
			runOnlyForDeploymentPostprocessing = 0;
		};
/* End PBXResourcesBuildPhase section */

/* Begin PBXShellScriptBuildPhase section */
		2BA6D9C16DA39818C03727C9 /* [CP] Copy Pods Resources */ = {
			isa = PBXShellScriptBuildPhase;
			buildActionMask = 2147483647;
			files = (
			);
			inputPaths = (
			);
			name = "[CP] Copy Pods Resources";
			outputPaths = (
			);
			runOnlyForDeploymentPostprocessing = 0;
			shellPath = /bin/sh;
			shellScript = "\"${SRCROOT}/Pods/Target Support Files/Pods-Bitify/Pods-Bitify-resources.sh\"\n";
			showEnvVarsInLog = 0;
		};
		71DFE3F0B22231AF82259BEC /* [CP] Embed Pods Frameworks */ = {
			isa = PBXShellScriptBuildPhase;
			buildActionMask = 2147483647;
			files = (
			);
			inputPaths = (
				"${SRCROOT}/Pods/Target Support Files/Pods-Bitify/Pods-Bitify-frameworks.sh",
				"${BUILT_PRODUCTS_DIR}/Alamofire/Alamofire.framework",
				"${BUILT_PRODUCTS_DIR}/ScrollableGraphView/ScrollableGraphView.framework",
				"${BUILT_PRODUCTS_DIR}/SwiftyJSON/SwiftyJSON.framework",
			);
			name = "[CP] Embed Pods Frameworks";
			outputPaths = (
				"${TARGET_BUILD_DIR}/${FRAMEWORKS_FOLDER_PATH}/Alamofire.framework",
				"${TARGET_BUILD_DIR}/${FRAMEWORKS_FOLDER_PATH}/ScrollableGraphView.framework",
				"${TARGET_BUILD_DIR}/${FRAMEWORKS_FOLDER_PATH}/SwiftyJSON.framework",
			);
			runOnlyForDeploymentPostprocessing = 0;
			shellPath = /bin/sh;
			shellScript = "\"${SRCROOT}/Pods/Target Support Files/Pods-Bitify/Pods-Bitify-frameworks.sh\"\n";
			showEnvVarsInLog = 0;
		};
		C2FE1A22B299532DE7518526 /* [CP] Check Pods Manifest.lock */ = {
			isa = PBXShellScriptBuildPhase;
			buildActionMask = 2147483647;
			files = (
			);
			inputPaths = (
				"${PODS_PODFILE_DIR_PATH}/Podfile.lock",
				"${PODS_ROOT}/Manifest.lock",
			);
			name = "[CP] Check Pods Manifest.lock";
			outputPaths = (
				"$(DERIVED_FILE_DIR)/Pods-Bitify-checkManifestLockResult.txt",
			);
			runOnlyForDeploymentPostprocessing = 0;
			shellPath = /bin/sh;
			shellScript = "diff \"${PODS_PODFILE_DIR_PATH}/Podfile.lock\" \"${PODS_ROOT}/Manifest.lock\" > /dev/null\nif [ $? != 0 ] ; then\n    # print error to STDERR\n    echo \"error: The sandbox is not in sync with the Podfile.lock. Run 'pod install' or update your CocoaPods installation.\" >&2\n    exit 1\nfi\n# This output is used by Xcode 'outputs' to avoid re-running this script phase.\necho \"SUCCESS\" > \"${SCRIPT_OUTPUT_FILE_0}\"\n";
			showEnvVarsInLog = 0;
		};
/* End PBXShellScriptBuildPhase section */

/* Begin PBXSourcesBuildPhase section */
		C29FB9A42036D069005AC780 /* Sources */ = {
			isa = PBXSourcesBuildPhase;
			buildActionMask = 2147483647;
			files = (
				C29FB9BE2036D28C005AC780 /* Bitcoin Data Model.swift in Sources */,
				C251C6AF203CDE30003465C7 /* BitcoinDateData.swift in Sources */,
				C29FB9AE2036D069005AC780 /* ViewController.swift in Sources */,
				C251C6B1203CDE52003465C7 /* Dates.swift in Sources */,
				C29FB9AC2036D069005AC780 /* AppDelegate.swift in Sources */,
				C2D4ECF02036D44E0066FF97 /* Extensions.swift in Sources */,
			);
			runOnlyForDeploymentPostprocessing = 0;
		};
/* End PBXSourcesBuildPhase section */

/* Begin PBXVariantGroup section */
		C29FB9AF2036D069005AC780 /* Main.storyboard */ = {
			isa = PBXVariantGroup;
			children = (
				C29FB9B02036D069005AC780 /* Base */,
			);
			name = Main.storyboard;
			sourceTree = "<group>";
		};
		C29FB9B42036D069005AC780 /* LaunchScreen.storyboard */ = {
			isa = PBXVariantGroup;
			children = (
				C29FB9B52036D069005AC780 /* Base */,
			);
			name = LaunchScreen.storyboard;
			sourceTree = "<group>";
		};
/* End PBXVariantGroup section */

/* Begin XCBuildConfiguration section */
		C29FB9B82036D069005AC780 /* Debug */ = {
			isa = XCBuildConfiguration;
			buildSettings = {
				ALWAYS_SEARCH_USER_PATHS = NO;
				CLANG_ANALYZER_NONNULL = YES;
				CLANG_ANALYZER_NUMBER_OBJECT_CONVERSION = YES_AGGRESSIVE;
				CLANG_CXX_LANGUAGE_STANDARD = "gnu++14";
				CLANG_CXX_LIBRARY = "libc++";
				CLANG_ENABLE_MODULES = YES;
				CLANG_ENABLE_OBJC_ARC = YES;
				CLANG_WARN_BLOCK_CAPTURE_AUTORELEASING = YES;
				CLANG_WARN_BOOL_CONVERSION = YES;
				CLANG_WARN_COMMA = YES;
				CLANG_WARN_CONSTANT_CONVERSION = YES;
				CLANG_WARN_DEPRECATED_OBJC_IMPLEMENTATIONS = YES;
				CLANG_WARN_DIRECT_OBJC_ISA_USAGE = YES_ERROR;
				CLANG_WARN_DOCUMENTATION_COMMENTS = YES;
				CLANG_WARN_EMPTY_BODY = YES;
				CLANG_WARN_ENUM_CONVERSION = YES;
				CLANG_WARN_INFINITE_RECURSION = YES;
				CLANG_WARN_INT_CONVERSION = YES;
				CLANG_WARN_NON_LITERAL_NULL_CONVERSION = YES;
				CLANG_WARN_OBJC_IMPLICIT_RETAIN_SELF = YES;
				CLANG_WARN_OBJC_LITERAL_CONVERSION = YES;
				CLANG_WARN_OBJC_ROOT_CLASS = YES_ERROR;
				CLANG_WARN_RANGE_LOOP_ANALYSIS = YES;
				CLANG_WARN_STRICT_PROTOTYPES = YES;
				CLANG_WARN_SUSPICIOUS_MOVE = YES;
				CLANG_WARN_UNGUARDED_AVAILABILITY = YES_AGGRESSIVE;
				CLANG_WARN_UNREACHABLE_CODE = YES;
				CLANG_WARN__DUPLICATE_METHOD_MATCH = YES;
				CODE_SIGN_IDENTITY = "iPhone Developer";
				COPY_PHASE_STRIP = NO;
				DEBUG_INFORMATION_FORMAT = dwarf;
				ENABLE_STRICT_OBJC_MSGSEND = YES;
				ENABLE_TESTABILITY = YES;
				GCC_C_LANGUAGE_STANDARD = gnu11;
				GCC_DYNAMIC_NO_PIC = NO;
				GCC_NO_COMMON_BLOCKS = YES;
				GCC_OPTIMIZATION_LEVEL = 0;
				GCC_PREPROCESSOR_DEFINITIONS = (
					"DEBUG=1",
					"$(inherited)",
				);
				GCC_WARN_64_TO_32_BIT_CONVERSION = YES;
				GCC_WARN_ABOUT_RETURN_TYPE = YES_ERROR;
				GCC_WARN_UNDECLARED_SELECTOR = YES;
				GCC_WARN_UNINITIALIZED_AUTOS = YES_AGGRESSIVE;
				GCC_WARN_UNUSED_FUNCTION = YES;
				GCC_WARN_UNUSED_VARIABLE = YES;
				IPHONEOS_DEPLOYMENT_TARGET = 11.2;
				MTL_ENABLE_DEBUG_INFO = YES;
				ONLY_ACTIVE_ARCH = YES;
				SDKROOT = iphoneos;
				SWIFT_ACTIVE_COMPILATION_CONDITIONS = DEBUG;
				SWIFT_OPTIMIZATION_LEVEL = "-Onone";
			};
			name = Debug;
		};
		C29FB9B92036D069005AC780 /* Release */ = {
			isa = XCBuildConfiguration;
			buildSettings = {
				ALWAYS_SEARCH_USER_PATHS = NO;
				CLANG_ANALYZER_NONNULL = YES;
				CLANG_ANALYZER_NUMBER_OBJECT_CONVERSION = YES_AGGRESSIVE;
				CLANG_CXX_LANGUAGE_STANDARD = "gnu++14";
				CLANG_CXX_LIBRARY = "libc++";
				CLANG_ENABLE_MODULES = YES;
				CLANG_ENABLE_OBJC_ARC = YES;
				CLANG_WARN_BLOCK_CAPTURE_AUTORELEASING = YES;
				CLANG_WARN_BOOL_CONVERSION = YES;
				CLANG_WARN_COMMA = YES;
				CLANG_WARN_CONSTANT_CONVERSION = YES;
				CLANG_WARN_DEPRECATED_OBJC_IMPLEMENTATIONS = YES;
				CLANG_WARN_DIRECT_OBJC_ISA_USAGE = YES_ERROR;
				CLANG_WARN_DOCUMENTATION_COMMENTS = YES;
				CLANG_WARN_EMPTY_BODY = YES;
				CLANG_WARN_ENUM_CONVERSION = YES;
				CLANG_WARN_INFINITE_RECURSION = YES;
				CLANG_WARN_INT_CONVERSION = YES;
				CLANG_WARN_NON_LITERAL_NULL_CONVERSION = YES;
				CLANG_WARN_OBJC_IMPLICIT_RETAIN_SELF = YES;
				CLANG_WARN_OBJC_LITERAL_CONVERSION = YES;
				CLANG_WARN_OBJC_ROOT_CLASS = YES_ERROR;
				CLANG_WARN_RANGE_LOOP_ANALYSIS = YES;
				CLANG_WARN_STRICT_PROTOTYPES = YES;
				CLANG_WARN_SUSPICIOUS_MOVE = YES;
				CLANG_WARN_UNGUARDED_AVAILABILITY = YES_AGGRESSIVE;
				CLANG_WARN_UNREACHABLE_CODE = YES;
				CLANG_WARN__DUPLICATE_METHOD_MATCH = YES;
				CODE_SIGN_IDENTITY = "iPhone Developer";
				COPY_PHASE_STRIP = NO;
				DEBUG_INFORMATION_FORMAT = "dwarf-with-dsym";
				ENABLE_NS_ASSERTIONS = NO;
				ENABLE_STRICT_OBJC_MSGSEND = YES;
				GCC_C_LANGUAGE_STANDARD = gnu11;
				GCC_NO_COMMON_BLOCKS = YES;
				GCC_WARN_64_TO_32_BIT_CONVERSION = YES;
				GCC_WARN_ABOUT_RETURN_TYPE = YES_ERROR;
				GCC_WARN_UNDECLARED_SELECTOR = YES;
				GCC_WARN_UNINITIALIZED_AUTOS = YES_AGGRESSIVE;
				GCC_WARN_UNUSED_FUNCTION = YES;
				GCC_WARN_UNUSED_VARIABLE = YES;
				IPHONEOS_DEPLOYMENT_TARGET = 11.2;
				MTL_ENABLE_DEBUG_INFO = NO;
				SDKROOT = iphoneos;
				SWIFT_COMPILATION_MODE = wholemodule;
				SWIFT_OPTIMIZATION_LEVEL = "-Owholemodule";
				VALIDATE_PRODUCT = YES;
			};
			name = Release;
		};
		C29FB9BB2036D069005AC780 /* Debug */ = {
			isa = XCBuildConfiguration;
			baseConfigurationReference = 04A541170A23CDA06A8CBD6C /* Pods-Bitify.debug.xcconfig */;
			buildSettings = {
				ASSETCATALOG_COMPILER_APPICON_NAME = AppIcon;
				CLANG_ENABLE_OBJC_WEAK = YES;
				CODE_SIGN_STYLE = Automatic;
				DEVELOPMENT_TEAM = JPFSXG2FT6;
				INFOPLIST_FILE = "Cryptify/Supporting Files/Info.plist";
				LD_RUNPATH_SEARCH_PATHS = "$(inherited) @executable_path/Frameworks";
				PRODUCT_BUNDLE_IDENTIFIER = com.noahwilder.Cryptify;
				PRODUCT_NAME = "$(TARGET_NAME)";
				SWIFT_VERSION = 4.0;
				TARGETED_DEVICE_FAMILY = "1,2";
			};
			name = Debug;
		};
		C29FB9BC2036D069005AC780 /* Release */ = {
			isa = XCBuildConfiguration;
			baseConfigurationReference = AD078B7DA934820AFBA7CA01 /* Pods-Bitify.release.xcconfig */;
			buildSettings = {
				ASSETCATALOG_COMPILER_APPICON_NAME = AppIcon;
				CLANG_ENABLE_OBJC_WEAK = YES;
				CODE_SIGN_STYLE = Automatic;
				DEVELOPMENT_TEAM = JPFSXG2FT6;
				INFOPLIST_FILE = "Cryptify/Supporting Files/Info.plist";
				LD_RUNPATH_SEARCH_PATHS = "$(inherited) @executable_path/Frameworks";
				PRODUCT_BUNDLE_IDENTIFIER = com.noahwilder.Cryptify;
				PRODUCT_NAME = "$(TARGET_NAME)";
				SWIFT_VERSION = 4.0;
				TARGETED_DEVICE_FAMILY = "1,2";
			};
			name = Release;
		};
/* End XCBuildConfiguration section */

/* Begin XCConfigurationList section */
		C29FB9A32036D069005AC780 /* Build configuration list for PBXProject "Cryptify" */ = {
			isa = XCConfigurationList;
			buildConfigurations = (
				C29FB9B82036D069005AC780 /* Debug */,
				C29FB9B92036D069005AC780 /* Release */,
			);
			defaultConfigurationIsVisible = 0;
			defaultConfigurationName = Release;
		};
		C29FB9BA2036D069005AC780 /* Build configuration list for PBXNativeTarget "Bitify" */ = {
			isa = XCConfigurationList;
			buildConfigurations = (
				C29FB9BB2036D069005AC780 /* Debug */,
				C29FB9BC2036D069005AC780 /* Release */,
			);
			defaultConfigurationIsVisible = 0;
			defaultConfigurationName = Release;
		};
/* End XCConfigurationList section */
	};
	rootObject = C29FB9A02036D069005AC780 /* Project object */;
}
